
Microsoft Visual Studio Solution File, Format Version 12.00
# Visual Studio Version 17
VisualStudioVersion = 17.5.33516.290
MinimumVisualStudioVersion = 10.0.40219.1
Project("{9A19103F-16F7-4668-BE54-9A1E7A4F7556}") = "StiQr_SIMTEL.Client", "StiQr_SIMTEL.Client\StiQr_SIMTEL.Client.csproj", "{B7629992-8B81-4E9B-82F2-9DEC8156C13C}"
EndProject
Project("{9A19103F-16F7-4668-BE54-9A1E7A4F7556}") = "StiQr_SIMTEL.Server", "StiQr_SIMTEL.Server\StiQr_SIMTEL.Server.csproj", "{9C319345-AAC6-426C-9122-7F119BABB5D7}"
EndProject
Project("{00D1A9C2-B5F0-4AF3-8072-F6C62B433612}") = "StiQr_SIMTEL.DataBase", "StiQr_SIMTEL.DataBase\StiQr_SIMTEL.DataBase.sqlproj", "{6C5CCA88-B54B-47E2-BCBE-53FF94E11FB8}"
EndProject
Project("{FAE04EC0-301F-11D3-BF4B-00C04F79EFBC}") = "StiQr_SIMTEL.Shared", "StiQr_SIMTEL.Shared\StiQr_SIMTEL.Shared.csproj", "{69F093D0-B36F-48AD-ADA2-4EDB46836505}"
EndProject
Global
	GlobalSection(SolutionConfigurationPlatforms) = preSolution
		Debug|Any CPU = Debug|Any CPU
		Release|Any CPU = Release|Any CPU
	EndGlobalSection
	GlobalSection(ProjectConfigurationPlatforms) = postSolution
		{B7629992-8B81-4E9B-82F2-9DEC8156C13C}.Debug|Any CPU.ActiveCfg = Debug|Any CPU
		{B7629992-8B81-4E9B-82F2-9DEC8156C13C}.Debug|Any CPU.Build.0 = Debug|Any CPU
		{B7629992-8B81-4E9B-82F2-9DEC8156C13C}.Debug|Any CPU.Deploy.0 = Debug|Any CPU
		{B7629992-8B81-4E9B-82F2-9DEC8156C13C}.Release|Any CPU.ActiveCfg = Release|Any CPU
		{B7629992-8B81-4E9B-82F2-9DEC8156C13C}.Release|Any CPU.Build.0 = Release|Any CPU
		{B7629992-8B81-4E9B-82F2-9DEC8156C13C}.Release|Any CPU.Deploy.0 = Release|Any CPU
		{9C319345-AAC6-426C-9122-7F119BABB5D7}.Debug|Any CPU.ActiveCfg = Debug|Any CPU
		{9C319345-AAC6-426C-9122-7F119BABB5D7}.Debug|Any CPU.Build.0 = Debug|Any CPU
		{9C319345-AAC6-426C-9122-7F119BABB5D7}.Release|Any CPU.ActiveCfg = Release|Any CPU
		{9C319345-AAC6-426C-9122-7F119BABB5D7}.Release|Any CPU.Build.0 = Release|Any CPU
		{6C5CCA88-B54B-47E2-BCBE-53FF94E11FB8}.Debug|Any CPU.ActiveCfg = Debug|Any CPU
		{6C5CCA88-B54B-47E2-BCBE-53FF94E11FB8}.Debug|Any CPU.Build.0 = Debug|Any CPU
		{6C5CCA88-B54B-47E2-BCBE-53FF94E11FB8}.Debug|Any CPU.Deploy.0 = Debug|Any CPU
		{6C5CCA88-B54B-47E2-BCBE-53FF94E11FB8}.Release|Any CPU.ActiveCfg = Release|Any CPU
		{6C5CCA88-B54B-47E2-BCBE-53FF94E11FB8}.Release|Any CPU.Build.0 = Release|Any CPU
		{6C5CCA88-B54B-47E2-BCBE-53FF94E11FB8}.Release|Any CPU.Deploy.0 = Release|Any CPU
		{69F093D0-B36F-48AD-ADA2-4EDB46836505}.Debug|Any CPU.ActiveCfg = Debug|Any CPU
		{69F093D0-B36F-48AD-ADA2-4EDB46836505}.Debug|Any CPU.Build.0 = Debug|Any CPU
		{69F093D0-B36F-48AD-ADA2-4EDB46836505}.Release|Any CPU.ActiveCfg = Release|Any CPU
		{69F093D0-B36F-48AD-ADA2-4EDB46836505}.Release|Any CPU.Build.0 = Release|Any CPU
	EndGlobalSection
	GlobalSection(SolutionProperties) = preSolution
		HideSolutionNode = FALSE
	EndGlobalSection
	GlobalSection(ExtensibilityGlobals) = postSolution
		SolutionGuid = {C6A25417-00D3-4415-AE63-A459BE16B0F6}
	EndGlobalSection
EndGlobal
